
Microsoft Visual Studio Solution File, Format Version 12.00
# Visual Studio Version 17
VisualStudioVersion = 17.6.33712.159
MinimumVisualStudioVersion = 10.0.40219.1
Project("{9A19103F-16F7-4668-BE54-9A1E7A4F7556}") = "Infrastructure", "Infrastructure\Infrastructure.csproj", "{846187E1-A6D4-4B7D-9FA0-FC1568339E1B}"
EndProject
Project("{9A19103F-16F7-4668-BE54-9A1E7A4F7556}") = "Domain", "Domain\Domain.csproj", "{3430C2DB-1CE2-4ACD-96BC-D4086E6A21DB}"
EndProject
Project("{9A19103F-16F7-4668-BE54-9A1E7A4F7556}") = "Application", "Application\Application.csproj", "{F2C3038A-5ECC-4AD3-9F46-BDC9A909194C}"
EndProject
Project("{2150E333-8FDC-42A3-9474-1A3956D46DE8}") = "Solution Items", "Solution Items", "{1079B04D-2B2B-4317-8BD2-A6230E518C82}"
	ProjectSection(SolutionItems) = preProject
		docker-compose.yml = docker-compose.yml
	EndProjectSection
EndProject
Project("{9A19103F-16F7-4668-BE54-9A1E7A4F7556}") = "Presentation", "..\repos\BookStore\Presentation\Presentation.csproj", "{5AA44252-F4A0-456B-8C0A-89F3F74ADA04}"
EndProject
Global
	GlobalSection(SolutionConfigurationPlatforms) = preSolution
		Debug|Any CPU = Debug|Any CPU
		Release|Any CPU = Release|Any CPU
	EndGlobalSection
	GlobalSection(ProjectConfigurationPlatforms) = postSolution
		{846187E1-A6D4-4B7D-9FA0-FC1568339E1B}.Debug|Any CPU.ActiveCfg = Debug|Any CPU
		{846187E1-A6D4-4B7D-9FA0-FC1568339E1B}.Debug|Any CPU.Build.0 = Debug|Any CPU
		{846187E1-A6D4-4B7D-9FA0-FC1568339E1B}.Release|Any CPU.ActiveCfg = Release|Any CPU
		{846187E1-A6D4-4B7D-9FA0-FC1568339E1B}.Release|Any CPU.Build.0 = Release|Any CPU
		{3430C2DB-1CE2-4ACD-96BC-D4086E6A21DB}.Debug|Any CPU.ActiveCfg = Debug|Any CPU
		{3430C2DB-1CE2-4ACD-96BC-D4086E6A21DB}.Debug|Any CPU.Build.0 = Debug|Any CPU
		{3430C2DB-1CE2-4ACD-96BC-D4086E6A21DB}.Release|Any CPU.ActiveCfg = Release|Any CPU
		{3430C2DB-1CE2-4ACD-96BC-D4086E6A21DB}.Release|Any CPU.Build.0 = Release|Any CPU
		{F2C3038A-5ECC-4AD3-9F46-BDC9A909194C}.Debug|Any CPU.ActiveCfg = Debug|Any CPU
		{F2C3038A-5ECC-4AD3-9F46-BDC9A909194C}.Debug|Any CPU.Build.0 = Debug|Any CPU
		{F2C3038A-5ECC-4AD3-9F46-BDC9A909194C}.Release|Any CPU.ActiveCfg = Release|Any CPU
		{F2C3038A-5ECC-4AD3-9F46-BDC9A909194C}.Release|Any CPU.Build.0 = Release|Any CPU
		{5AA44252-F4A0-456B-8C0A-89F3F74ADA04}.Debug|Any CPU.ActiveCfg = Debug|Any CPU
		{5AA44252-F4A0-456B-8C0A-89F3F74ADA04}.Debug|Any CPU.Build.0 = Debug|Any CPU
		{5AA44252-F4A0-456B-8C0A-89F3F74ADA04}.Release|Any CPU.ActiveCfg = Release|Any CPU
		{5AA44252-F4A0-456B-8C0A-89F3F74ADA04}.Release|Any CPU.Build.0 = Release|Any CPU
	EndGlobalSection
	GlobalSection(SolutionProperties) = preSolution
		HideSolutionNode = FALSE
	EndGlobalSection
	GlobalSection(ExtensibilityGlobals) = postSolution
		SolutionGuid = {C494129D-62C7-4491-8678-F1282571F814}
	EndGlobalSection
EndGlobal
